
Microsoft Visual Studio Solution File, Format Version 12.00
# Visual Studio Version 16
VisualStudioVersion = 16.0.30114.105
MinimumVisualStudioVersion = 10.0.40219.1
Project("{2150E333-8FDC-42A3-9474-1A3956D46DE8}") = "src", "src", "{F3063F32-D2E5-4249-888C-E810A227C849}"
EndProject
Project("{FAE04EC0-301F-11D3-BF4B-00C04F79EFBC}") = "Azathoth.API", "src\Azathoth.API\Azathoth.API.csproj", "{4D9F3334-B273-417E-862D-2DF26EB92EE7}"
EndProject
Project("{FAE04EC0-301F-11D3-BF4B-00C04F79EFBC}") = "Azathoth.Coingecko", "src\Azathoth.Coingecko\Azathoth.Coingecko.csproj", "{17C0082C-F7F7-44C6-94FA-7BC58ACBFA34}"
EndProject
Project("{FAE04EC0-301F-11D3-BF4B-00C04F79EFBC}") = "Azathoth.Kraken", "src\Azathoth.Kraken\Azathoth.Kraken.csproj", "{84EFDEC4-9146-43DE-809F-64B682AFAC4E}"
EndProject
Global
	GlobalSection(SolutionConfigurationPlatforms) = preSolution
		Debug|Any CPU = Debug|Any CPU
		Debug|x64 = Debug|x64
		Debug|x86 = Debug|x86
		Release|Any CPU = Release|Any CPU
		Release|x64 = Release|x64
		Release|x86 = Release|x86
	EndGlobalSection
	GlobalSection(SolutionProperties) = preSolution
		HideSolutionNode = FALSE
	EndGlobalSection
	GlobalSection(ProjectConfigurationPlatforms) = postSolution
		{4D9F3334-B273-417E-862D-2DF26EB92EE7}.Debug|Any CPU.ActiveCfg = Debug|Any CPU
		{4D9F3334-B273-417E-862D-2DF26EB92EE7}.Debug|Any CPU.Build.0 = Debug|Any CPU
		{4D9F3334-B273-417E-862D-2DF26EB92EE7}.Debug|x64.ActiveCfg = Debug|Any CPU
		{4D9F3334-B273-417E-862D-2DF26EB92EE7}.Debug|x64.Build.0 = Debug|Any CPU
		{4D9F3334-B273-417E-862D-2DF26EB92EE7}.Debug|x86.ActiveCfg = Debug|Any CPU
		{4D9F3334-B273-417E-862D-2DF26EB92EE7}.Debug|x86.Build.0 = Debug|Any CPU
		{4D9F3334-B273-417E-862D-2DF26EB92EE7}.Release|Any CPU.ActiveCfg = Release|Any CPU
		{4D9F3334-B273-417E-862D-2DF26EB92EE7}.Release|Any CPU.Build.0 = Release|Any CPU
		{4D9F3334-B273-417E-862D-2DF26EB92EE7}.Release|x64.ActiveCfg = Release|Any CPU
		{4D9F3334-B273-417E-862D-2DF26EB92EE7}.Release|x64.Build.0 = Release|Any CPU
		{4D9F3334-B273-417E-862D-2DF26EB92EE7}.Release|x86.ActiveCfg = Release|Any CPU
		{4D9F3334-B273-417E-862D-2DF26EB92EE7}.Release|x86.Build.0 = Release|Any CPU
		{17C0082C-F7F7-44C6-94FA-7BC58ACBFA34}.Debug|Any CPU.ActiveCfg = Debug|Any CPU
		{17C0082C-F7F7-44C6-94FA-7BC58ACBFA34}.Debug|Any CPU.Build.0 = Debug|Any CPU
		{17C0082C-F7F7-44C6-94FA-7BC58ACBFA34}.Debug|x64.ActiveCfg = Debug|Any CPU
		{17C0082C-F7F7-44C6-94FA-7BC58ACBFA34}.Debug|x64.Build.0 = Debug|Any CPU
		{17C0082C-F7F7-44C6-94FA-7BC58ACBFA34}.Debug|x86.ActiveCfg = Debug|Any CPU
		{17C0082C-F7F7-44C6-94FA-7BC58ACBFA34}.Debug|x86.Build.0 = Debug|Any CPU
		{17C0082C-F7F7-44C6-94FA-7BC58ACBFA34}.Release|Any CPU.ActiveCfg = Release|Any CPU
		{17C0082C-F7F7-44C6-94FA-7BC58ACBFA34}.Release|Any CPU.Build.0 = Release|Any CPU
		{17C0082C-F7F7-44C6-94FA-7BC58ACBFA34}.Release|x64.ActiveCfg = Release|Any CPU
		{17C0082C-F7F7-44C6-94FA-7BC58ACBFA34}.Release|x64.Build.0 = Release|Any CPU
		{17C0082C-F7F7-44C6-94FA-7BC58ACBFA34}.Release|x86.ActiveCfg = Release|Any CPU
		{17C0082C-F7F7-44C6-94FA-7BC58ACBFA34}.Release|x86.Build.0 = Release|Any CPU
		{84EFDEC4-9146-43DE-809F-64B682AFAC4E}.Debug|Any CPU.ActiveCfg = Debug|Any CPU
		{84EFDEC4-9146-43DE-809F-64B682AFAC4E}.Debug|Any CPU.Build.0 = Debug|Any CPU
		{84EFDEC4-9146-43DE-809F-64B682AFAC4E}.Debug|x64.ActiveCfg = Debug|Any CPU
		{84EFDEC4-9146-43DE-809F-64B682AFAC4E}.Debug|x64.Build.0 = Debug|Any CPU
		{84EFDEC4-9146-43DE-809F-64B682AFAC4E}.Debug|x86.ActiveCfg = Debug|Any CPU
		{84EFDEC4-9146-43DE-809F-64B682AFAC4E}.Debug|x86.Build.0 = Debug|Any CPU
		{84EFDEC4-9146-43DE-809F-64B682AFAC4E}.Release|Any CPU.ActiveCfg = Release|Any CPU
		{84EFDEC4-9146-43DE-809F-64B682AFAC4E}.Release|Any CPU.Build.0 = Release|Any CPU
		{84EFDEC4-9146-43DE-809F-64B682AFAC4E}.Release|x64.ActiveCfg = Release|Any CPU
		{84EFDEC4-9146-43DE-809F-64B682AFAC4E}.Release|x64.Build.0 = Release|Any CPU
		{84EFDEC4-9146-43DE-809F-64B682AFAC4E}.Release|x86.ActiveCfg = Release|Any CPU
		{84EFDEC4-9146-43DE-809F-64B682AFAC4E}.Release|x86.Build.0 = Release|Any CPU
	EndGlobalSection
	GlobalSection(NestedProjects) = preSolution
		{4D9F3334-B273-417E-862D-2DF26EB92EE7} = {F3063F32-D2E5-4249-888C-E810A227C849}
		{17C0082C-F7F7-44C6-94FA-7BC58ACBFA34} = {F3063F32-D2E5-4249-888C-E810A227C849}
		{84EFDEC4-9146-43DE-809F-64B682AFAC4E} = {F3063F32-D2E5-4249-888C-E810A227C849}
	EndGlobalSection
EndGlobal
